{
  "lockfileVersion": 1,
  "configVersion": 1,
  "workspaces": {
    "": {
      "name": "redlamp-me",
      "devDependencies": {
        "@cloudflare/workers-types": "^4.20250110.0",
      },
    },
  },
  "packages": {
    "@cloudflare/workers-types": ["@cloudflare/workers-types@4.20251115.0", "", {}, "sha512-aM7jp7IfKhqKvfSaK1IhVTbSzxB6KQ4gX8e/W29tOuZk+YHlYXuRd/bMm4hWkfd7B1HWNWdsx1GTaEUoZIuVsw=="],
  }
}
